
Microsoft Visual Studio Solution File, Format Version 12.00
# Visual Studio Version 17
VisualStudioVersion = 17.8.34525.116
MinimumVisualStudioVersion = 10.0.40219.1
Project("{2150E333-8FDC-42A3-9474-1A3956D46DE8}") = "Src", "Src", "{73A0DDF7-1220-49DF-8C69-6CCBFCD27DA9}"
EndProject
Project("{2150E333-8FDC-42A3-9474-1A3956D46DE8}") = "Core", "Core", "{D220AD57-EC95-4774-8312-48FB6E45CD16}"
EndProject
Project("{2150E333-8FDC-42A3-9474-1A3956D46DE8}") = "Infrastructure", "Infrastructure", "{6EE6ACF6-6F1B-447D-95E0-8CC0A03B2311}"
EndProject
Project("{2150E333-8FDC-42A3-9474-1A3956D46DE8}") = "Presentation", "Presentation", "{2EE97B5E-0FA0-4218-A638-D57C12559257}"
EndProject
Project("{FAE04EC0-301F-11D3-BF4B-00C04F79EFBC}") = "Domain", "Domain\Domain.csproj", "{63F1E530-D0A2-4C2D-AA2D-05F94AA705C5}"
EndProject
Project("{FAE04EC0-301F-11D3-BF4B-00C04F79EFBC}") = "Application", "Application\Application.csproj", "{27E3390B-CE41-49D1-810F-8B7EC036DD20}"
EndProject
Project("{FAE04EC0-301F-11D3-BF4B-00C04F79EFBC}") = "Infrastructure", "Infrastructure\Infrastructure.csproj", "{8D145F6A-16D2-4710-AAE1-366433733D77}"
EndProject
Project("{FAE04EC0-301F-11D3-BF4B-00C04F79EFBC}") = "Persistence", "Persistence\Persistence.csproj", "{F8640407-06D2-4435-8581-EF85C6AF7220}"
EndProject
Project("{FAE04EC0-301F-11D3-BF4B-00C04F79EFBC}") = "WebApi", "WebApi\WebApi.csproj", "{74EBC5B8-70AE-47FC-A1E5-40D00D4F39C2}"
EndProject
Global
	GlobalSection(SolutionConfigurationPlatforms) = preSolution
		Debug|Any CPU = Debug|Any CPU
		Release|Any CPU = Release|Any CPU
	EndGlobalSection
	GlobalSection(ProjectConfigurationPlatforms) = postSolution
		{63F1E530-D0A2-4C2D-AA2D-05F94AA705C5}.Debug|Any CPU.ActiveCfg = Debug|Any CPU
		{63F1E530-D0A2-4C2D-AA2D-05F94AA705C5}.Debug|Any CPU.Build.0 = Debug|Any CPU
		{63F1E530-D0A2-4C2D-AA2D-05F94AA705C5}.Release|Any CPU.ActiveCfg = Release|Any CPU
		{63F1E530-D0A2-4C2D-AA2D-05F94AA705C5}.Release|Any CPU.Build.0 = Release|Any CPU
		{27E3390B-CE41-49D1-810F-8B7EC036DD20}.Debug|Any CPU.ActiveCfg = Debug|Any CPU
		{27E3390B-CE41-49D1-810F-8B7EC036DD20}.Debug|Any CPU.Build.0 = Debug|Any CPU
		{27E3390B-CE41-49D1-810F-8B7EC036DD20}.Release|Any CPU.ActiveCfg = Release|Any CPU
		{27E3390B-CE41-49D1-810F-8B7EC036DD20}.Release|Any CPU.Build.0 = Release|Any CPU
		{8D145F6A-16D2-4710-AAE1-366433733D77}.Debug|Any CPU.ActiveCfg = Debug|Any CPU
		{8D145F6A-16D2-4710-AAE1-366433733D77}.Debug|Any CPU.Build.0 = Debug|Any CPU
		{8D145F6A-16D2-4710-AAE1-366433733D77}.Release|Any CPU.ActiveCfg = Release|Any CPU
		{8D145F6A-16D2-4710-AAE1-366433733D77}.Release|Any CPU.Build.0 = Release|Any CPU
		{F8640407-06D2-4435-8581-EF85C6AF7220}.Debug|Any CPU.ActiveCfg = Debug|Any CPU
		{F8640407-06D2-4435-8581-EF85C6AF7220}.Debug|Any CPU.Build.0 = Debug|Any CPU
		{F8640407-06D2-4435-8581-EF85C6AF7220}.Release|Any CPU.ActiveCfg = Release|Any CPU
		{F8640407-06D2-4435-8581-EF85C6AF7220}.Release|Any CPU.Build.0 = Release|Any CPU
		{74EBC5B8-70AE-47FC-A1E5-40D00D4F39C2}.Debug|Any CPU.ActiveCfg = Debug|Any CPU
		{74EBC5B8-70AE-47FC-A1E5-40D00D4F39C2}.Debug|Any CPU.Build.0 = Debug|Any CPU
		{74EBC5B8-70AE-47FC-A1E5-40D00D4F39C2}.Release|Any CPU.ActiveCfg = Release|Any CPU
		{74EBC5B8-70AE-47FC-A1E5-40D00D4F39C2}.Release|Any CPU.Build.0 = Release|Any CPU
	EndGlobalSection
	GlobalSection(SolutionProperties) = preSolution
		HideSolutionNode = FALSE
	EndGlobalSection
	GlobalSection(NestedProjects) = preSolution
		{D220AD57-EC95-4774-8312-48FB6E45CD16} = {73A0DDF7-1220-49DF-8C69-6CCBFCD27DA9}
		{6EE6ACF6-6F1B-447D-95E0-8CC0A03B2311} = {73A0DDF7-1220-49DF-8C69-6CCBFCD27DA9}
		{2EE97B5E-0FA0-4218-A638-D57C12559257} = {73A0DDF7-1220-49DF-8C69-6CCBFCD27DA9}
		{63F1E530-D0A2-4C2D-AA2D-05F94AA705C5} = {D220AD57-EC95-4774-8312-48FB6E45CD16}
		{27E3390B-CE41-49D1-810F-8B7EC036DD20} = {D220AD57-EC95-4774-8312-48FB6E45CD16}
		{8D145F6A-16D2-4710-AAE1-366433733D77} = {6EE6ACF6-6F1B-447D-95E0-8CC0A03B2311}
		{F8640407-06D2-4435-8581-EF85C6AF7220} = {6EE6ACF6-6F1B-447D-95E0-8CC0A03B2311}
		{74EBC5B8-70AE-47FC-A1E5-40D00D4F39C2} = {2EE97B5E-0FA0-4218-A638-D57C12559257}
	EndGlobalSection
	GlobalSection(ExtensibilityGlobals) = postSolution
		SolutionGuid = {CCC8A331-48A4-473B-A9E3-E43660AF3CF0}
	EndGlobalSection
EndGlobal
